{
  "pins" : [
    {
      "identity" : "facebook-ios-sdk",
      "kind" : "remoteSourceControl",
      "location" : "https://github.com/facebook/facebook-ios-sdk",
      "state" : {
        "branch" : "main",
        "revision" : "7c5e9565b94d5e9cab1f617a342f038e204cedf0"
      }
    }
  ],
  "version" : 2
}
