{
  "object": {
    "pins": [
      {
        "package": "Facebook",
        "repositoryURL": "https://github.com/facebook/facebook-ios-sdk",
        "state": {
          "branch": "main",
          "revision": "091ebeb4dac7044ab17fdb3d97321b8177ca4021",
          "version": null
        }
      }
    ]
  },
  "version": 1
}
